DEPENDENCIES
  rbenv
    git: git://github.com/fnichol/chef-rbenv.git
    revision: 0a3018634bafe58ad21c6ee271af015220e444b9
  ruby_backend
    path: .
    metadata: true

GRAPH
  apt (2.7.0)
  build-essential (2.2.3)
  chef_handler (1.1.9)
  dmg (2.2.2)
  git (4.2.2)
    build-essential (>= 0.0.0)
    dmg (>= 0.0.0)
    windows (>= 0.0.0)
    yum-epel (>= 0.0.0)
  iptables (1.0.0)
  java (1.31.0)
  ohai (2.0.1)
  openssh (1.4.0)
    iptables (>= 0.0.0)
  rbenv (0.7.3)
    java (> 1.4.0)
    ruby_build (>= 0.0.0)
  ruby_backend (0.2.1)
    apt (>= 0.0.0)
    openssh (>= 0.0.0)
    rbenv (>= 0.0.0)
    ruby_build (>= 0.0.0)
    user (>= 0.0.0)
  ruby_build (0.8.0)
  user (0.4.2)
  windows (1.37.0)
    chef_handler (>= 0.0.0)
  yum (3.6.0)
  yum-epel (0.6.0)
    yum (~> 3.0)
